
Microsoft Visual Studio Solution File, Format Version 12.00
# Visual Studio 16
Project("{FAE04EC0-301F-11D3-BF4B-00C04F79EFBC}") = "Assembly-CSharp", "Assembly-CSharp.csproj", "{ABF5A632-C89B-DEBB-D898-3F64E8D14A27}"
EndProject
Project("{FAE04EC0-301F-11D3-BF4B-00C04F79EFBC}") = "Assembly-CSharp-Editor", "Assembly-CSharp-Editor.csproj", "{9CD1D03A-64FD-221E-D6E8-925CD73083D1}"
EndProject
Global
	GlobalSection(SolutionConfigurationPlatforms) = preSolution
		Debug|Any CPU = Debug|Any CPU
		Release|Any CPU = Release|Any CPU
	EndGlobalSection
	GlobalSection(ProjectConfigurationPlatforms) = postSolution
		{ABF5A632-C89B-DEBB-D898-3F64E8D14A27}.Debug|Any CPU.ActiveCfg = Debug|Any CPU
		{ABF5A632-C89B-DEBB-D898-3F64E8D14A27}.Debug|Any CPU.Build.0 = Debug|Any CPU
		{ABF5A632-C89B-DEBB-D898-3F64E8D14A27}.Release|Any CPU.ActiveCfg = Release|Any CPU
		{ABF5A632-C89B-DEBB-D898-3F64E8D14A27}.Release|Any CPU.Build.0 = Release|Any CPU
		{9CD1D03A-64FD-221E-D6E8-925CD73083D1}.Debug|Any CPU.ActiveCfg = Debug|Any CPU
		{9CD1D03A-64FD-221E-D6E8-925CD73083D1}.Debug|Any CPU.Build.0 = Debug|Any CPU
		{9CD1D03A-64FD-221E-D6E8-925CD73083D1}.Release|Any CPU.ActiveCfg = Release|Any CPU
		{9CD1D03A-64FD-221E-D6E8-925CD73083D1}.Release|Any CPU.Build.0 = Release|Any CPU
	EndGlobalSection
	GlobalSection(SolutionProperties) = preSolution
		HideSolutionNode = FALSE
	EndGlobalSection
EndGlobal
